
Microsoft Visual Studio Solution File, Format Version 12.00
# Visual Studio 14
VisualStudioVersion = 14.0.25420.1
MinimumVisualStudioVersion = 10.0.40219.1
Project("{FAE04EC0-301F-11D3-BF4B-00C04F79EFBC}") = "MonsterWeb.Client", "MonsterWeb.Client\MonsterWeb.Client.csproj", "{8A5339A8-51DA-4A66-96F8-6507A6960285}"
EndProject
Project("{FAE04EC0-301F-11D3-BF4B-00C04F79EFBC}") = "MonsterWeb.Logic", "MonsterWeb.Logic\MonsterWeb.Logic.csproj", "{93250890-ED9D-49DC-999F-5DAA23BA1463}"
EndProject
Project("{FAE04EC0-301F-11D3-BF4B-00C04F79EFBC}") = "MonsterWeb.Tests", "MonsterWeb.Tests\MonsterWeb.Tests.csproj", "{EB2A3E0D-61CE-4836-A56F-11ECC351C6EB}"
EndProject
Global
	GlobalSection(SolutionConfigurationPlatforms) = preSolution
		Debug|Any CPU = Debug|Any CPU
		Release|Any CPU = Release|Any CPU
	EndGlobalSection
	GlobalSection(ProjectConfigurationPlatforms) = postSolution
		{8A5339A8-51DA-4A66-96F8-6507A6960285}.Debug|Any CPU.ActiveCfg = Debug|Any CPU
		{8A5339A8-51DA-4A66-96F8-6507A6960285}.Debug|Any CPU.Build.0 = Debug|Any CPU
		{8A5339A8-51DA-4A66-96F8-6507A6960285}.Release|Any CPU.ActiveCfg = Release|Any CPU
		{8A5339A8-51DA-4A66-96F8-6507A6960285}.Release|Any CPU.Build.0 = Release|Any CPU
		{93250890-ED9D-49DC-999F-5DAA23BA1463}.Debug|Any CPU.ActiveCfg = Debug|Any CPU
		{93250890-ED9D-49DC-999F-5DAA23BA1463}.Debug|Any CPU.Build.0 = Debug|Any CPU
		{93250890-ED9D-49DC-999F-5DAA23BA1463}.Release|Any CPU.ActiveCfg = Release|Any CPU
		{93250890-ED9D-49DC-999F-5DAA23BA1463}.Release|Any CPU.Build.0 = Release|Any CPU
		{EB2A3E0D-61CE-4836-A56F-11ECC351C6EB}.Debug|Any CPU.ActiveCfg = Debug|Any CPU
		{EB2A3E0D-61CE-4836-A56F-11ECC351C6EB}.Debug|Any CPU.Build.0 = Debug|Any CPU
		{EB2A3E0D-61CE-4836-A56F-11ECC351C6EB}.Release|Any CPU.ActiveCfg = Release|Any CPU
		{EB2A3E0D-61CE-4836-A56F-11ECC351C6EB}.Release|Any CPU.Build.0 = Release|Any CPU
	EndGlobalSection
	GlobalSection(SolutionProperties) = preSolution
		HideSolutionNode = FALSE
	EndGlobalSection
EndGlobal
