
Microsoft Visual Studio Solution File, Format Version 12.00
# Visual Studio 14
VisualStudioVersion = 14.0.25420.1
MinimumVisualStudioVersion = 10.0.40219.1
Project("{FAE04EC0-301F-11D3-BF4B-00C04F79EFBC}") = "MonsterApp.DataAccess", "MonsterApp.DataAccess\MonsterApp.DataAccess.csproj", "{8C33748D-B784-4703-924D-7673010F8E34}"
EndProject
Project("{FAE04EC0-301F-11D3-BF4B-00C04F79EFBC}") = "Monster.Test", "Monster.Test\Monster.Test.csproj", "{A1B137FF-175E-4CFD-B695-7642D99F062B}"
EndProject
Global
	GlobalSection(SolutionConfigurationPlatforms) = preSolution
		Debug|Any CPU = Debug|Any CPU
		Release|Any CPU = Release|Any CPU
	EndGlobalSection
	GlobalSection(ProjectConfigurationPlatforms) = postSolution
		{8C33748D-B784-4703-924D-7673010F8E34}.Debug|Any CPU.ActiveCfg = Debug|Any CPU
		{8C33748D-B784-4703-924D-7673010F8E34}.Debug|Any CPU.Build.0 = Debug|Any CPU
		{8C33748D-B784-4703-924D-7673010F8E34}.Release|Any CPU.ActiveCfg = Release|Any CPU
		{8C33748D-B784-4703-924D-7673010F8E34}.Release|Any CPU.Build.0 = Release|Any CPU
		{A1B137FF-175E-4CFD-B695-7642D99F062B}.Debug|Any CPU.ActiveCfg = Debug|Any CPU
		{A1B137FF-175E-4CFD-B695-7642D99F062B}.Debug|Any CPU.Build.0 = Debug|Any CPU
		{A1B137FF-175E-4CFD-B695-7642D99F062B}.Release|Any CPU.ActiveCfg = Release|Any CPU
		{A1B137FF-175E-4CFD-B695-7642D99F062B}.Release|Any CPU.Build.0 = Release|Any CPU
	EndGlobalSection
	GlobalSection(SolutionProperties) = preSolution
		HideSolutionNode = FALSE
	EndGlobalSection
EndGlobal
